version: 6
environments:
  default:
    channels:
    - url: https://conda.anaconda.org/conda-forge/
    indexes:
    - https://pypi.org/simple
    packages:
      linux-64:
      - conda: https://conda.anaconda.org/conda-forge/linux-64/_libgcc_mutex-0.1-conda_forge.tar.bz2
      - conda: https://conda.anaconda.org/conda-forge/linux-64/_openmp_mutex-4.5-2_kmp_llvm.tar.bz2
      - conda: https://conda.anaconda.org/conda-forge/linux-64/bzip2-1.0.8-h4bc722e_7.conda
      - conda: https://conda.anaconda.org/conda-forge/linux-64/ca-certificates-2024.8.30-hbcca054_0.conda
      - conda: https://conda.anaconda.org/conda-forge/linux-64/cython-3.0.11-py310h5b1441d_3.conda
      - conda: https://conda.anaconda.org/conda-forge/linux-64/ld_impl_linux-64-2.43-h712a8e2_2.conda
      - conda: https://conda.anaconda.org/conda-forge/linux-64/libblas-3.9.0-25_linux64_openblas.conda
      - conda: https://conda.anaconda.org/conda-forge/linux-64/libcblas-3.9.0-25_linux64_openblas.conda
      - conda: https://conda.anaconda.org/conda-forge/linux-64/libffi-3.4.2-h7f98852_5.tar.bz2
      - conda: https://conda.anaconda.org/conda-forge/linux-64/libgcc-14.2.0-h77fa898_1.conda
      - conda: https://conda.anaconda.org/conda-forge/linux-64/libgcc-ng-14.2.0-h69a702a_1.conda
      - conda: https://conda.anaconda.org/conda-forge/linux-64/libgfortran-14.2.0-h69a702a_1.conda
      - conda: https://conda.anaconda.org/conda-forge/linux-64/libgfortran5-14.2.0-hd5240d6_1.conda
      - conda: https://conda.anaconda.org/conda-forge/linux-64/liblapack-3.9.0-25_linux64_openblas.conda
      - conda: https://conda.anaconda.org/conda-forge/linux-64/liblzma-5.6.3-hb9d3cd8_1.conda
      - conda: https://conda.anaconda.org/conda-forge/linux-64/liblzma-devel-5.6.3-hb9d3cd8_1.conda
      - conda: https://conda.anaconda.org/conda-forge/linux-64/libnsl-2.0.1-hd590300_0.conda
      - conda: https://conda.anaconda.org/conda-forge/linux-64/libopenblas-0.3.28-pthreads_h94d23a6_1.conda
      - conda: https://conda.anaconda.org/conda-forge/linux-64/libsqlite-3.47.2-hee588c1_0.conda
      - conda: https://conda.anaconda.org/conda-forge/linux-64/libstdcxx-14.2.0-hc0a3c3a_1.conda
      - conda: https://conda.anaconda.org/conda-forge/linux-64/libuuid-2.38.1-h0b41bf4_0.conda
      - conda: https://conda.anaconda.org/conda-forge/linux-64/libzlib-1.3.1-hb9d3cd8_2.conda
      - conda: https://conda.anaconda.org/conda-forge/linux-64/llvm-openmp-19.1.5-h024ca30_0.conda
      - conda: https://conda.anaconda.org/conda-forge/linux-64/ncurses-6.5-he02047a_1.conda
      - conda: https://conda.anaconda.org/conda-forge/linux-64/numpy-2.2.0-py310h5851e9f_0.conda
      - conda: https://conda.anaconda.org/conda-forge/linux-64/openssl-3.4.0-hb9d3cd8_0.conda
      - conda: https://conda.anaconda.org/conda-forge/linux-64/python-3.10.0-h543edf9_3_cpython.tar.bz2
      - conda: https://conda.anaconda.org/conda-forge/linux-64/python_abi-3.10-5_cp310.conda
      - conda: https://conda.anaconda.org/conda-forge/linux-64/readline-8.2-h8228510_1.conda
      - conda: https://conda.anaconda.org/conda-forge/linux-64/sqlite-3.47.2-h9eae976_0.conda
      - conda: https://conda.anaconda.org/conda-forge/linux-64/tk-8.6.13-noxft_h4845f30_101.conda
      - conda: https://conda.anaconda.org/conda-forge/noarch/tzdata-2024b-hc8b5060_0.conda
      - conda: https://conda.anaconda.org/conda-forge/linux-64/xz-5.6.3-hbcc6ac9_1.conda
      - conda: https://conda.anaconda.org/conda-forge/linux-64/xz-gpl-tools-5.6.3-hbcc6ac9_1.conda
      - conda: https://conda.anaconda.org/conda-forge/linux-64/xz-tools-5.6.3-hb9d3cd8_1.conda
      - pypi: https://files.pythonhosted.org/packages/12/90/3c9ff0512038035f59d279fddeb79f5f1eccd8859f06d6163c58798b9487/certifi-2024.8.30-py3-none-any.whl
      - pypi: https://files.pythonhosted.org/packages/f8/01/344ec40cf5d85c1da3c1f57566c59e0c9b56bcc5566c08804a95a6cc8257/charset_normalizer-3.4.0-cp310-cp310-manylinux_2_17_x86_64.manylinux2014_x86_64.whl
      - pypi: https://files.pythonhosted.org/packages/b8/8d/a7cf7573df4c67de7cb4b2e36cfc790462b90813baa14604c3693a23d89b/cmake-3.31.1-py3-none-manylinux_2_17_x86_64.manylinux2014_x86_64.whl
      - pypi: https://files.pythonhosted.org/packages/b9/f8/feced7779d755758a52d1f6635d990b8d98dc0a29fa568bbe0625f18fdf3/filelock-3.16.1-py3-none-any.whl
      - pypi: https://files.pythonhosted.org/packages/76/c6/c88e154df9c4e1a2a66ccf0005a88dfb2650c1dffb6f5ce603dfbd452ce3/idna-3.10-py3-none-any.whl
      - pypi: https://files.pythonhosted.org/packages/31/80/3a54838c3fb461f6fec263ebf3a3a41771bd05190238de3486aae8540c36/jinja2-3.1.4-py3-none-any.whl
      - pypi: https://files.pythonhosted.org/packages/96/06/b36f150fa7c5bcc96a31a4d19a20fddbd1d965b6f02510b57a3bb8d4b930/lit-18.1.8-py3-none-any.whl
      - pypi: https://files.pythonhosted.org/packages/22/35/137da042dfb4720b638d2937c38a9c2df83fe32d20e8c8f3185dbfef05f7/MarkupSafe-3.0.2-cp310-cp310-manylinux_2_17_x86_64.manylinux2014_x86_64.whl
      - pypi: https://files.pythonhosted.org/packages/43/e3/7d92a15f894aa0c9c4b49b8ee9ac9850d6e63b03c9c32c0367a13ae62209/mpmath-1.3.0-py3-none-any.whl
      - pypi: https://files.pythonhosted.org/packages/b9/54/dd730b32ea14ea797530a4479b2ed46a6fb250f682a9cfb997e968bf0261/networkx-3.4.2-py3-none-any.whl
      - pypi: https://files.pythonhosted.org/packages/ce/41/fdeb62b5437996e841d83d7d2714ca75b886547ee8017ee2fe6ea409d983/nvidia_cublas_cu11-11.10.3.66-py3-none-manylinux1_x86_64.whl
      - pypi: https://files.pythonhosted.org/packages/e6/9d/dd0cdcd800e642e3c82ee3b5987c751afd4f3fb9cc2752517f42c3bc6e49/nvidia_cuda_cupti_cu11-11.7.101-py3-none-manylinux1_x86_64.whl
      - pypi: https://files.pythonhosted.org/packages/ef/25/922c5996aada6611b79b53985af7999fc629aee1d5d001b6a22431e18fec/nvidia_cuda_nvrtc_cu11-11.7.99-2-py3-none-manylinux1_x86_64.whl
      - pypi: https://files.pythonhosted.org/packages/36/92/89cf558b514125d2ebd8344dd2f0533404b416486ff681d5434a5832a019/nvidia_cuda_runtime_cu11-11.7.99-py3-none-manylinux1_x86_64.whl
      - pypi: https://files.pythonhosted.org/packages/dc/30/66d4347d6e864334da5bb1c7571305e501dcb11b9155971421bb7bb5315f/nvidia_cudnn_cu11-8.5.0.96-2-py3-none-manylinux1_x86_64.whl
      - pypi: https://files.pythonhosted.org/packages/64/c8/133717b43182ba063803e983e7680a94826a9f4ff5734af0ca315803f1b3/nvidia_cufft_cu11-10.9.0.58-py3-none-manylinux2014_x86_64.whl
      - pypi: https://files.pythonhosted.org/packages/8f/11/af78d54b2420e64a4dd19e704f5bb69dcb5a6a3138b4465d6a48cdf59a21/nvidia_curand_cu11-10.2.10.91-py3-none-manylinux1_x86_64.whl
      - pypi: https://files.pythonhosted.org/packages/3e/77/66149e3153b19312fb782ea367f3f950123b93916a45538b573fe373570a/nvidia_cusolver_cu11-11.4.0.1-2-py3-none-manylinux1_x86_64.whl
      - pypi: https://files.pythonhosted.org/packages/ea/6f/6d032cc1bb7db88a989ddce3f4968419a7edeafda362847f42f614b1f845/nvidia_cusparse_cu11-11.7.4.91-py3-none-manylinux1_x86_64.whl
      - pypi: https://files.pythonhosted.org/packages/55/92/914cdb650b6a5d1478f83148597a25e90ea37d739bd563c5096b0e8a5f43/nvidia_nccl_cu11-2.14.3-py3-none-manylinux1_x86_64.whl
      - pypi: https://files.pythonhosted.org/packages/23/d5/09493ff0e64fd77523afbbb075108f27a13790479efe86b9ffb4587671b5/nvidia_nvtx_cu11-11.7.91-py3-none-manylinux1_x86_64.whl
      - pypi: https://files.pythonhosted.org/packages/41/c3/94f33af0762ed76b5a237c5797e088aa57f2b7fa8ee7932d399087be66a8/pillow-11.0.0-cp310-cp310-manylinux_2_28_x86_64.whl
      - pypi: https://files.pythonhosted.org/packages/f9/9b/335f9764261e915ed497fcdeb11df5dfd6f7bf257d4a6a2a686d80da4d54/requests-2.32.3-py3-none-any.whl
      - pypi: https://files.pythonhosted.org/packages/55/21/47d163f615df1d30c094f6c8bbb353619274edccf0327b185cc2493c2c33/setuptools-75.6.0-py3-none-any.whl
      - pypi: https://files.pythonhosted.org/packages/99/ff/c87e0622b1dadea79d2fb0b25ade9ed98954c9033722eb707053d310d4f3/sympy-1.13.3-py3-none-any.whl
      - pypi: https://files.pythonhosted.org/packages/b6/b1/f562cb533751c272d23f605858cd17d6a6c50fa8cd3c1f99539e2acd359f/torch-2.0.0-cp310-cp310-manylinux1_x86_64.whl
      - pypi: https://files.pythonhosted.org/packages/21/35/8880a198c46e7aa8c9a83a5059ad595d472e10998989176395d98cce88e7/torchaudio-2.0.1-cp310-cp310-manylinux1_x86_64.whl
      - pypi: https://files.pythonhosted.org/packages/34/8d/43f36b6ff585de3ebd5df10ef07c4377b2cce9155f9810c7382427c1430e/torchvision-0.15.1-cp310-cp310-manylinux1_x86_64.whl
      - pypi: https://files.pythonhosted.org/packages/ca/31/ff6be541195daf77aa5c72303b2354661a69e717967d44d91eb4f3fdce32/triton-2.0.0-1-cp310-cp310-manylinux2014_x86_64.manylinux_2_17_x86_64.whl
      - pypi: https://files.pythonhosted.org/packages/26/9f/ad63fc0248c5379346306f8668cda6e2e2e9c95e01216d2b8ffd9ff037d0/typing_extensions-4.12.2-py3-none-any.whl
      - pypi: https://files.pythonhosted.org/packages/ce/d9/5f4c13cecde62396b0d3fe530a50ccea91e7dfc1ccf0e09c228841bb5ba8/urllib3-2.2.3-py3-none-any.whl
      - pypi: https://files.pythonhosted.org/packages/0b/2c/87f3254fd8ffd29e4c02732eee68a83a1d3c346ae39bc6822dcbcb697f2b/wheel-0.45.1-py3-none-any.whl
packages:
- conda: https://conda.anaconda.org/conda-forge/linux-64/_libgcc_mutex-0.1-conda_forge.tar.bz2
  sha256: fe51de6107f9edc7aa4f786a70f4a883943bc9d39b3bb7307c04c41410990726
  md5: d7c89558ba9fa0495403155b64376d81
  license: None
  purls: []
  size: 2562
  timestamp: 1578324546067
- conda: https://conda.anaconda.org/conda-forge/linux-64/_openmp_mutex-4.5-2_kmp_llvm.tar.bz2
  build_number: 2
  sha256: 84a66275da3a66e3f3e70e9d8f10496d807d01a9e4ec16cd2274cc5e28c478fc
  md5: 562b26ba2e19059551a811e72ab7f793
  depends:
  - _libgcc_mutex 0.1 conda_forge
  - llvm-openmp >=9.0.1
  license: BSD-3-Clause
  license_family: BSD
  purls: []
  size: 5744
  timestamp: 1650742457817
- conda: https://conda.anaconda.org/conda-forge/linux-64/bzip2-1.0.8-h4bc722e_7.conda
  sha256: 5ced96500d945fb286c9c838e54fa759aa04a7129c59800f0846b4335cee770d
  md5: 62ee74e96c5ebb0af99386de58cf9553
  depends:
  - __glibc >=2.17,<3.0.a0
  - libgcc-ng >=12
  license: bzip2-1.0.6
  license_family: BSD
  purls: []
  size: 252783
  timestamp: 1720974456583
- conda: https://conda.anaconda.org/conda-forge/linux-64/ca-certificates-2024.8.30-hbcca054_0.conda
  sha256: afee721baa6d988e27fef1832f68d6f32ac8cc99cdf6015732224c2841a09cea
  md5: c27d1c142233b5bc9ca570c6e2e0c244
  license: ISC
  purls: []
  size: 159003
  timestamp: 1725018903918
- pypi: https://files.pythonhosted.org/packages/12/90/3c9ff0512038035f59d279fddeb79f5f1eccd8859f06d6163c58798b9487/certifi-2024.8.30-py3-none-any.whl
  name: certifi
  version: 2024.8.30
  sha256: 922820b53db7a7257ffbda3f597266d435245903d80737e34f8a45ff3e3230d8
  requires_python: '>=3.6'
- pypi: https://files.pythonhosted.org/packages/f8/01/344ec40cf5d85c1da3c1f57566c59e0c9b56bcc5566c08804a95a6cc8257/charset_normalizer-3.4.0-cp310-cp310-manylinux_2_17_x86_64.manylinux2014_x86_64.whl
  name: charset-normalizer
  version: 3.4.0
  sha256: 7f683ddc7eedd742e2889d2bfb96d69573fde1d92fcb811979cdb7165bb9c7d3
  requires_python: '>=3.7.0'
- pypi: https://files.pythonhosted.org/packages/b8/8d/a7cf7573df4c67de7cb4b2e36cfc790462b90813baa14604c3693a23d89b/cmake-3.31.1-py3-none-manylinux_2_17_x86_64.manylinux2014_x86_64.whl
  name: cmake
  version: 3.31.1
  sha256: b5f390336617fe476d36415c33e40de61c7381cd3b3657450f03d2c2f99e99a5
  requires_dist:
  - importlib-metadata>=1.4 ; python_full_version < '3.8'
  - coverage>=4.2 ; extra == 'test'
  - pytest>=3.0.3 ; extra == 'test'
  - pytest-cov>=2.4.0 ; extra == 'test'
  requires_python: '>=3.7'
- conda: https://conda.anaconda.org/conda-forge/linux-64/cython-3.0.11-py310h5b1441d_3.conda
  sha256: ab2fc6b4b8c203da4cade3c25334342dc9f3ce846a2ae81591c3d09bf7b7ed4d
  md5: f1dd2d9a5c782683c28918f44ba547a8
  depends:
  - __glibc >=2.17,<3.0.a0
  - libgcc >=13
  - libstdcxx >=13
  - python >=3.10,<3.11.0a0
  - python_abi 3.10.* *_cp310
  license: Apache-2.0
  license_family: APACHE
  purls:
  - pkg:pypi/cython?source=hash-mapping
  size: 3228660
  timestamp: 1727457045753
- pypi: https://files.pythonhosted.org/packages/b9/f8/feced7779d755758a52d1f6635d990b8d98dc0a29fa568bbe0625f18fdf3/filelock-3.16.1-py3-none-any.whl
  name: filelock
  version: 3.16.1
  sha256: 2082e5703d51fbf98ea75855d9d5527e33d8ff23099bec374a134febee6946b0
  requires_dist:
  - furo>=2024.8.6 ; extra == 'docs'
  - sphinx-autodoc-typehints>=2.4.1 ; extra == 'docs'
  - sphinx>=8.0.2 ; extra == 'docs'
  - covdefaults>=2.3 ; extra == 'testing'
  - coverage>=7.6.1 ; extra == 'testing'
  - diff-cover>=9.2 ; extra == 'testing'
  - pytest-asyncio>=0.24 ; extra == 'testing'
  - pytest-cov>=5 ; extra == 'testing'
  - pytest-mock>=3.14 ; extra == 'testing'
  - pytest-timeout>=2.3.1 ; extra == 'testing'
  - pytest>=8.3.3 ; extra == 'testing'
  - virtualenv>=20.26.4 ; extra == 'testing'
  - typing-extensions>=4.12.2 ; python_full_version < '3.11' and extra == 'typing'
  requires_python: '>=3.8'
- pypi: https://files.pythonhosted.org/packages/76/c6/c88e154df9c4e1a2a66ccf0005a88dfb2650c1dffb6f5ce603dfbd452ce3/idna-3.10-py3-none-any.whl
  name: idna
  version: '3.10'
  sha256: 946d195a0d259cbba61165e88e65941f16e9b36ea6ddb97f00452bae8b1287d3
  requires_dist:
  - ruff>=0.6.2 ; extra == 'all'
  - mypy>=1.11.2 ; extra == 'all'
  - pytest>=8.3.2 ; extra == 'all'
  - flake8>=7.1.1 ; extra == 'all'
  requires_python: '>=3.6'
- pypi: https://files.pythonhosted.org/packages/31/80/3a54838c3fb461f6fec263ebf3a3a41771bd05190238de3486aae8540c36/jinja2-3.1.4-py3-none-any.whl
  name: jinja2
  version: 3.1.4
  sha256: bc5dd2abb727a5319567b7a813e6a2e7318c39f4f487cfe6c89c6f9c7d25197d
  requires_dist:
  - markupsafe>=2.0
  - babel>=2.7 ; extra == 'i18n'
  requires_python: '>=3.7'
- conda: https://conda.anaconda.org/conda-forge/linux-64/ld_impl_linux-64-2.43-h712a8e2_2.conda
  sha256: 7c91cea91b13f4314d125d1bedb9d03a29ebbd5080ccdea70260363424646dbe
  md5: 048b02e3962f066da18efe3a21b77672
  depends:
  - __glibc >=2.17,<3.0.a0
  constrains:
  - binutils_impl_linux-64 2.43
  license: GPL-3.0-only
  license_family: GPL
  purls: []
  size: 669211
  timestamp: 1729655358674
- conda: https://conda.anaconda.org/conda-forge/linux-64/libblas-3.9.0-25_linux64_openblas.conda
  build_number: 25
  sha256: d6d12dc437d060f838820e9e61bf73baab651f91935ac594cf10beb9ef1b4450
  md5: 8ea26d42ca88ec5258802715fe1ee10b
  depends:
  - libopenblas >=0.3.28,<0.3.29.0a0
  - libopenblas >=0.3.28,<1.0a0
  constrains:
  - liblapack 3.9.0 25_linux64_openblas
  - libcblas 3.9.0 25_linux64_openblas
  - blas * openblas
  - liblapacke 3.9.0 25_linux64_openblas
  arch: x86_64
  platform: linux
  license: BSD-3-Clause
  license_family: BSD
  purls: []
  size: 15677
  timestamp: 1729642900350
- conda: https://conda.anaconda.org/conda-forge/linux-64/libcblas-3.9.0-25_linux64_openblas.conda
  build_number: 25
  sha256: ab87b0477078837c91d9cda62a9faca18fba7c57cc77aa779ae24b3ac783b5dd
  md5: 5dbd1b0fc0d01ec5e0e1fbe667281a11
  depends:
  - libblas 3.9.0 25_linux64_openblas
  constrains:
  - liblapack 3.9.0 25_linux64_openblas
  - blas * openblas
  - liblapacke 3.9.0 25_linux64_openblas
  arch: x86_64
  platform: linux
  license: BSD-3-Clause
  license_family: BSD
  purls: []
  size: 15613
  timestamp: 1729642905619
- conda: https://conda.anaconda.org/conda-forge/linux-64/libffi-3.4.2-h7f98852_5.tar.bz2
  sha256: ab6e9856c21709b7b517e940ae7028ae0737546122f83c2aa5d692860c3b149e
  md5: d645c6d2ac96843a2bfaccd2d62b3ac3
  depends:
  - libgcc-ng >=9.4.0
  license: MIT
  license_family: MIT
  purls: []
  size: 58292
  timestamp: 1636488182923
- conda: https://conda.anaconda.org/conda-forge/linux-64/libgcc-14.2.0-h77fa898_1.conda
  sha256: 53eb8a79365e58849e7b1a068d31f4f9e718dc938d6f2c03e960345739a03569
  md5: 3cb76c3f10d3bc7f1105b2fc9db984df
  depends:
  - _libgcc_mutex 0.1 conda_forge
  - _openmp_mutex >=4.5
  constrains:
  - libgomp 14.2.0 h77fa898_1
  - libgcc-ng ==14.2.0=*_1
  license: GPL-3.0-only WITH GCC-exception-3.1
  license_family: GPL
  purls: []
  size: 848745
  timestamp: 1729027721139
- conda: https://conda.anaconda.org/conda-forge/linux-64/libgcc-ng-14.2.0-h69a702a_1.conda
  sha256: 3a76969c80e9af8b6e7a55090088bc41da4cffcde9e2c71b17f44d37b7cb87f7
  md5: e39480b9ca41323497b05492a63bc35b
  depends:
  - libgcc 14.2.0 h77fa898_1
  license: GPL-3.0-only WITH GCC-exception-3.1
  license_family: GPL
  purls: []
  size: 54142
  timestamp: 1729027726517
- conda: https://conda.anaconda.org/conda-forge/linux-64/libgfortran-14.2.0-h69a702a_1.conda
  sha256: fc9e7f22a17faf74da904ebfc4d88699013d2992e55505e4aa0eb01770290977
  md5: f1fd30127802683586f768875127a987
  depends:
  - libgfortran5 14.2.0 hd5240d6_1
  constrains:
  - libgfortran-ng ==14.2.0=*_1
  arch: x86_64
  platform: linux
  license: GPL-3.0-only WITH GCC-exception-3.1
  license_family: GPL
  purls: []
  size: 53997
  timestamp: 1729027752995
- conda: https://conda.anaconda.org/conda-forge/linux-64/libgfortran5-14.2.0-hd5240d6_1.conda
  sha256: d149a37ca73611e425041f33b9d8dbed6e52ec506fe8cc1fc0ee054bddeb6d5d
  md5: 9822b874ea29af082e5d36098d25427d
  depends:
  - libgcc >=14.2.0
  constrains:
  - libgfortran 14.2.0
  arch: x86_64
  platform: linux
  license: GPL-3.0-only WITH GCC-exception-3.1
  license_family: GPL
  purls: []
  size: 1462645
  timestamp: 1729027735353
- conda: https://conda.anaconda.org/conda-forge/linux-64/liblapack-3.9.0-25_linux64_openblas.conda
  build_number: 25
  sha256: 9d1ff017714edb2d84868f0f931a4a0e7c289a971062b2ac66cfc8145df7e20e
  md5: 4dc03a53fc69371a6158d0ed37214cd3
  depends:
  - libblas 3.9.0 25_linux64_openblas
  constrains:
  - liblapacke 3.9.0 25_linux64_openblas
  - libcblas 3.9.0 25_linux64_openblas
  - blas * openblas
  arch: x86_64
  platform: linux
  license: BSD-3-Clause
  license_family: BSD
  purls: []
  size: 15608
  timestamp: 1729642910812
- conda: https://conda.anaconda.org/conda-forge/linux-64/liblzma-5.6.3-hb9d3cd8_1.conda
  sha256: e6e425252f3839e2756e4af1ea2074dffd3396c161bf460629f9dfd6a65f15c6
  md5: 2ecf2f1c7e4e21fcfe6423a51a992d84
  depends:
  - __glibc >=2.17,<3.0.a0
  - libgcc >=13
  license: 0BSD
  purls: []
  size: 111132
  timestamp: 1733407410083
- conda: https://conda.anaconda.org/conda-forge/linux-64/liblzma-devel-5.6.3-hb9d3cd8_1.conda
  sha256: ca17f037a0a7137874597866a171166677e4812a9a8a853007f0f582e3ff6d1d
  md5: cc4687e1814ed459f3bd6d8e05251ab2
  depends:
  - __glibc >=2.17,<3.0.a0
  - libgcc >=13
  - liblzma 5.6.3 hb9d3cd8_1
  license: 0BSD
  purls: []
  size: 376794
  timestamp: 1733407421190
- conda: https://conda.anaconda.org/conda-forge/linux-64/libnsl-2.0.1-hd590300_0.conda
  sha256: 26d77a3bb4dceeedc2a41bd688564fe71bf2d149fdcf117049970bc02ff1add6
  md5: 30fd6e37fe21f86f4bd26d6ee73eeec7
  depends:
  - libgcc-ng >=12
  license: LGPL-2.1-only
  license_family: GPL
  purls: []
  size: 33408
  timestamp: 1697359010159
- conda: https://conda.anaconda.org/conda-forge/linux-64/libopenblas-0.3.28-pthreads_h94d23a6_1.conda
  sha256: 99ba271d8a80a1af2723f2e124ffd91d850074c0389c067e6d96d72a2dbfeabe
  md5: 62857b389e42b36b686331bec0922050
  depends:
  - __glibc >=2.17,<3.0.a0
  - libgcc >=14
  - libgfortran
  - libgfortran5 >=14.2.0
  constrains:
  - openblas >=0.3.28,<0.3.29.0a0
  arch: x86_64
  platform: linux
  license: BSD-3-Clause
  license_family: BSD
  purls: []
  size: 5578513
  timestamp: 1730772671118
- conda: https://conda.anaconda.org/conda-forge/linux-64/libsqlite-3.47.2-hee588c1_0.conda
  sha256: 48af21ebc2cbf358976f1e0f4a0ab9e91dfc83d0ef337cf3837c6f5bc22fb352
  md5: b58da17db24b6e08bcbf8fed2fb8c915
  depends:
  - __glibc >=2.17,<3.0.a0
  - libgcc >=13
  - libzlib >=1.3.1,<2.0a0
  license: Unlicense
  purls: []
  size: 873551
  timestamp: 1733761824646
- conda: https://conda.anaconda.org/conda-forge/linux-64/libstdcxx-14.2.0-hc0a3c3a_1.conda
  sha256: 4661af0eb9bdcbb5fb33e5d0023b001ad4be828fccdcc56500059d56f9869462
  md5: 234a5554c53625688d51062645337328
  depends:
  - libgcc 14.2.0 h77fa898_1
  license: GPL-3.0-only WITH GCC-exception-3.1
  license_family: GPL
  purls: []
  size: 3893695
  timestamp: 1729027746910
- conda: https://conda.anaconda.org/conda-forge/linux-64/libuuid-2.38.1-h0b41bf4_0.conda
  sha256: 787eb542f055a2b3de553614b25f09eefb0a0931b0c87dbcce6efdfd92f04f18
  md5: 40b61aab5c7ba9ff276c41cfffe6b80b
  depends:
  - libgcc-ng >=12
  license: BSD-3-Clause
  license_family: BSD
  purls: []
  size: 33601
  timestamp: 1680112270483
- conda: https://conda.anaconda.org/conda-forge/linux-64/libzlib-1.3.1-hb9d3cd8_2.conda
  sha256: d4bfe88d7cb447768e31650f06257995601f89076080e76df55e3112d4e47dc4
  md5: edb0dca6bc32e4f4789199455a1dbeb8
  depends:
  - __glibc >=2.17,<3.0.a0
  - libgcc >=13
  constrains:
  - zlib 1.3.1 *_2
  license: Zlib
  license_family: Other
  purls: []
  size: 60963
  timestamp: 1727963148474
- pypi: https://files.pythonhosted.org/packages/96/06/b36f150fa7c5bcc96a31a4d19a20fddbd1d965b6f02510b57a3bb8d4b930/lit-18.1.8-py3-none-any.whl
  name: lit
  version: 18.1.8
  sha256: a873ff7acd76e746368da32eb7355625e2e55a2baaab884c9cc130f2ee0300f7
- conda: https://conda.anaconda.org/conda-forge/linux-64/llvm-openmp-19.1.5-h024ca30_0.conda
  sha256: e319db1e18dabe23ddeb4a1e04ff1ab5e331069a5a558891ffeb60c8b76d5e6a
  md5: dc90d15c25a57f641f0b84c271e4761e
  depends:
  - __glibc >=2.17,<3.0.a0
  constrains:
  - openmp 19.1.5|19.1.5.*
  license: Apache-2.0 WITH LLVM-exception
  license_family: APACHE
  purls: []
  size: 3191882
  timestamp: 1733375922702
- pypi: https://files.pythonhosted.org/packages/22/35/137da042dfb4720b638d2937c38a9c2df83fe32d20e8c8f3185dbfef05f7/MarkupSafe-3.0.2-cp310-cp310-manylinux_2_17_x86_64.manylinux2014_x86_64.whl
  name: markupsafe
  version: 3.0.2
  sha256: bbcb445fa71794da8f178f0f6d66789a28d7319071af7a496d4d507ed566270d
  requires_python: '>=3.9'
- pypi: https://files.pythonhosted.org/packages/43/e3/7d92a15f894aa0c9c4b49b8ee9ac9850d6e63b03c9c32c0367a13ae62209/mpmath-1.3.0-py3-none-any.whl
  name: mpmath
  version: 1.3.0
  sha256: a0b2b9fe80bbcd81a6647ff13108738cfb482d481d826cc0e02f5b35e5c88d2c
  requires_dist:
  - pytest>=4.6 ; extra == 'develop'
  - pycodestyle ; extra == 'develop'
  - pytest-cov ; extra == 'develop'
  - codecov ; extra == 'develop'
  - wheel ; extra == 'develop'
  - sphinx ; extra == 'docs'
  - gmpy2>=2.1.0a4 ; platform_python_implementation != 'PyPy' and extra == 'gmpy'
  - pytest>=4.6 ; extra == 'tests'
- conda: https://conda.anaconda.org/conda-forge/linux-64/ncurses-6.5-he02047a_1.conda
  sha256: 6a1d5d8634c1a07913f1c525db6455918cbc589d745fac46d9d6e30340c8731a
  md5: 70caf8bb6cf39a0b6b7efc885f51c0fe
  depends:
  - __glibc >=2.17,<3.0.a0
  - libgcc-ng >=12
  license: X11 AND BSD-3-Clause
  purls: []
  size: 889086
  timestamp: 1724658547447
- pypi: https://files.pythonhosted.org/packages/b9/54/dd730b32ea14ea797530a4479b2ed46a6fb250f682a9cfb997e968bf0261/networkx-3.4.2-py3-none-any.whl
  name: networkx
  version: 3.4.2
  sha256: df5d4365b724cf81b8c6a7312509d0c22386097011ad1abe274afd5e9d3bbc5f
  requires_dist:
  - numpy>=1.24 ; extra == 'default'
  - scipy>=1.10,!=1.11.0,!=1.11.1 ; extra == 'default'
  - matplotlib>=3.7 ; extra == 'default'
  - pandas>=2.0 ; extra == 'default'
  - changelist==0.5 ; extra == 'developer'
  - pre-commit>=3.2 ; extra == 'developer'
  - mypy>=1.1 ; extra == 'developer'
  - rtoml ; extra == 'developer'
  - sphinx>=7.3 ; extra == 'doc'
  - pydata-sphinx-theme>=0.15 ; extra == 'doc'
  - sphinx-gallery>=0.16 ; extra == 'doc'
  - numpydoc>=1.8.0 ; extra == 'doc'
  - pillow>=9.4 ; extra == 'doc'
  - texext>=0.6.7 ; extra == 'doc'
  - myst-nb>=1.1 ; extra == 'doc'
  - intersphinx-registry ; extra == 'doc'
  - osmnx>=1.9 ; extra == 'example'
  - momepy>=0.7.2 ; extra == 'example'
  - contextily>=1.6 ; extra == 'example'
  - seaborn>=0.13 ; extra == 'example'
  - cairocffi>=1.7 ; extra == 'example'
  - igraph>=0.11 ; extra == 'example'
  - scikit-learn>=1.5 ; extra == 'example'
  - lxml>=4.6 ; extra == 'extra'
  - pygraphviz>=1.14 ; extra == 'extra'
  - pydot>=3.0.1 ; extra == 'extra'
  - sympy>=1.10 ; extra == 'extra'
  - pytest>=7.2 ; extra == 'test'
  - pytest-cov>=4.0 ; extra == 'test'
  requires_python: '>=3.10'
- conda: https://conda.anaconda.org/conda-forge/linux-64/numpy-2.2.0-py310h5851e9f_0.conda
  sha256: 001e9fe76e325115d76049ae918866ac32050cfd7de8c096fdb88801df97405d
  md5: b36342af1ea0eb44bb6ccdefcb9d80d7
  depends:
  - __glibc >=2.17,<3.0.a0
  - libblas >=3.9.0,<4.0a0
  - libcblas >=3.9.0,<4.0a0
  - libgcc >=13
  - liblapack >=3.9.0,<4.0a0
  - libstdcxx >=13
  - python >=3.10,<3.11.0a0
  - python_abi 3.10.* *_cp310
  constrains:
  - numpy-base <0a0
  arch: x86_64
  platform: linux
  license: BSD-3-Clause
  license_family: BSD
  purls:
  - pkg:pypi/numpy?source=hash-mapping
  size: 7818907
  timestamp: 1733688759049
- pypi: https://files.pythonhosted.org/packages/ce/41/fdeb62b5437996e841d83d7d2714ca75b886547ee8017ee2fe6ea409d983/nvidia_cublas_cu11-11.10.3.66-py3-none-manylinux1_x86_64.whl
  name: nvidia-cublas-cu11
  version: 11.10.3.66
  sha256: d32e4d75f94ddfb93ea0a5dda08389bcc65d8916a25cb9f37ac89edaeed3bded
  requires_dist:
  - setuptools
  - wheel
  requires_python: '>=3'
- pypi: https://files.pythonhosted.org/packages/e6/9d/dd0cdcd800e642e3c82ee3b5987c751afd4f3fb9cc2752517f42c3bc6e49/nvidia_cuda_cupti_cu11-11.7.101-py3-none-manylinux1_x86_64.whl
  name: nvidia-cuda-cupti-cu11
  version: 11.7.101
  sha256: e0cfd9854e1f2edaa36ca20d21cd0bdd5dcfca4e3b9e130a082e05b33b6c5895
  requires_dist:
  - setuptools
  - wheel
  requires_python: '>=3'
- pypi: https://files.pythonhosted.org/packages/ef/25/922c5996aada6611b79b53985af7999fc629aee1d5d001b6a22431e18fec/nvidia_cuda_nvrtc_cu11-11.7.99-2-py3-none-manylinux1_x86_64.whl
  name: nvidia-cuda-nvrtc-cu11
  version: 11.7.99
  sha256: 9f1562822ea264b7e34ed5930567e89242d266448e936b85bc97a3370feabb03
  requires_python: '>=3'
- pypi: https://files.pythonhosted.org/packages/36/92/89cf558b514125d2ebd8344dd2f0533404b416486ff681d5434a5832a019/nvidia_cuda_runtime_cu11-11.7.99-py3-none-manylinux1_x86_64.whl
  name: nvidia-cuda-runtime-cu11
  version: 11.7.99
  sha256: cc768314ae58d2641f07eac350f40f99dcb35719c4faff4bc458a7cd2b119e31
  requires_dist:
  - setuptools
  - wheel
  requires_python: '>=3'
- pypi: https://files.pythonhosted.org/packages/dc/30/66d4347d6e864334da5bb1c7571305e501dcb11b9155971421bb7bb5315f/nvidia_cudnn_cu11-8.5.0.96-2-py3-none-manylinux1_x86_64.whl
  name: nvidia-cudnn-cu11
  version: 8.5.0.96
  sha256: 402f40adfc6f418f9dae9ab402e773cfed9beae52333f6d86ae3107a1b9527e7
  requires_dist:
  - nvidia-cublas-cu11
  requires_python: '>=3'
- pypi: https://files.pythonhosted.org/packages/64/c8/133717b43182ba063803e983e7680a94826a9f4ff5734af0ca315803f1b3/nvidia_cufft_cu11-10.9.0.58-py3-none-manylinux2014_x86_64.whl
  name: nvidia-cufft-cu11
  version: 10.9.0.58
  sha256: e21037259995243cc370dd63c430d77ae9280bedb68d5b5a18226bfc92e5d748
  requires_python: '>=3'
- pypi: https://files.pythonhosted.org/packages/8f/11/af78d54b2420e64a4dd19e704f5bb69dcb5a6a3138b4465d6a48cdf59a21/nvidia_curand_cu11-10.2.10.91-py3-none-manylinux1_x86_64.whl
  name: nvidia-curand-cu11
  version: 10.2.10.91
  sha256: eecb269c970fa599a2660c9232fa46aaccbf90d9170b96c462e13bcb4d129e2c
  requires_dist:
  - setuptools
  - wheel
  requires_python: '>=3'
- pypi: https://files.pythonhosted.org/packages/3e/77/66149e3153b19312fb782ea367f3f950123b93916a45538b573fe373570a/nvidia_cusolver_cu11-11.4.0.1-2-py3-none-manylinux1_x86_64.whl
  name: nvidia-cusolver-cu11
  version: 11.4.0.1
  sha256: 72fa7261d755ed55c0074960df5904b65e2326f7adce364cbe4945063c1be412
  requires_dist:
  - nvidia-cublas-cu11
  requires_python: '>=3'
- pypi: https://files.pythonhosted.org/packages/ea/6f/6d032cc1bb7db88a989ddce3f4968419a7edeafda362847f42f614b1f845/nvidia_cusparse_cu11-11.7.4.91-py3-none-manylinux1_x86_64.whl
  name: nvidia-cusparse-cu11
  version: 11.7.4.91
  sha256: a3389de714db63321aa11fbec3919271f415ef19fda58aed7f2ede488c32733d
  requires_dist:
  - setuptools
  - wheel
  requires_python: '>=3'
- pypi: https://files.pythonhosted.org/packages/55/92/914cdb650b6a5d1478f83148597a25e90ea37d739bd563c5096b0e8a5f43/nvidia_nccl_cu11-2.14.3-py3-none-manylinux1_x86_64.whl
  name: nvidia-nccl-cu11
  version: 2.14.3
  sha256: 5e5534257d1284b8e825bc3a182c6f06acd6eb405e9f89d49340e98cd8f136eb
  requires_python: '>=3'
- pypi: https://files.pythonhosted.org/packages/23/d5/09493ff0e64fd77523afbbb075108f27a13790479efe86b9ffb4587671b5/nvidia_nvtx_cu11-11.7.91-py3-none-manylinux1_x86_64.whl
  name: nvidia-nvtx-cu11
  version: 11.7.91
  sha256: b22c64eee426a62fc00952b507d6d29cf62b4c9df7a480fcc417e540e05fd5ac
  requires_dist:
  - setuptools
  - wheel
  requires_python: '>=3'
- conda: https://conda.anaconda.org/conda-forge/linux-64/openssl-3.4.0-hb9d3cd8_0.conda
  sha256: 814b9dff1847b132c676ee6cc1a8cb2d427320779b93e1b6d76552275c128705
  md5: 23cc74f77eb99315c0360ec3533147a9
  depends:
  - __glibc >=2.17,<3.0.a0
  - ca-certificates
  - libgcc >=13
  license: Apache-2.0
  license_family: Apache
  purls: []
  size: 2947466
  timestamp: 1731377666602
- pypi: https://files.pythonhosted.org/packages/41/c3/94f33af0762ed76b5a237c5797e088aa57f2b7fa8ee7932d399087be66a8/pillow-11.0.0-cp310-cp310-manylinux_2_28_x86_64.whl
  name: pillow
  version: 11.0.0
  sha256: 1a61b54f87ab5786b8479f81c4b11f4d61702830354520837f8cc791ebba0f5f
  requires_dist:
  - furo ; extra == 'docs'
  - olefile ; extra == 'docs'
  - sphinx>=8.1 ; extra == 'docs'
  - sphinx-copybutton ; extra == 'docs'
  - sphinx-inline-tabs ; extra == 'docs'
  - sphinxext-opengraph ; extra == 'docs'
  - olefile ; extra == 'fpx'
  - olefile ; extra == 'mic'
  - check-manifest ; extra == 'tests'
  - coverage ; extra == 'tests'
  - defusedxml ; extra == 'tests'
  - markdown2 ; extra == 'tests'
  - olefile ; extra == 'tests'
  - packaging ; extra == 'tests'
  - pyroma ; extra == 'tests'
  - pytest ; extra == 'tests'
  - pytest-cov ; extra == 'tests'
  - pytest-timeout ; extra == 'tests'
  - typing-extensions ; python_full_version < '3.10' and extra == 'typing'
  - defusedxml ; extra == 'xmp'
  requires_python: '>=3.9'
- conda: https://conda.anaconda.org/conda-forge/linux-64/python-3.10.0-h543edf9_3_cpython.tar.bz2
  build_number: 3
  sha256: 0661f43d7bc446c22bfcf1730ad5c7a2ac695c696ba4609bac896cefff879431
  md5: 67cdff58413ce9f034fb971188060313
  depends:
  - bzip2 >=1.0.8,<2.0a0
  - ld_impl_linux-64 >=2.36.1
  - libffi >=3.4.2,<3.5.0a0
  - libgcc-ng >=9.4.0
  - libnsl >=2.0.0,<2.1.0a0
  - libuuid >=2.32.1,<3.0a0
  - libzlib >=1.2.11,<2.0.0a0
  - ncurses >=6.2,<7.0.0a0
  - openssl >=3.0.0,<4.0a0
  - readline >=8.1,<9.0a0
  - sqlite >=3.36.0,<4.0a0
  - tk >=8.6.11,<8.7.0a0
  - tzdata
  - xz >=5.2.5,<6.0.0a0
  constrains:
  - python_abi 3.10.* *_cp310
  license: Python-2.0
  purls: []
  size: 31281695
  timestamp: 1637376125446
- conda: https://conda.anaconda.org/conda-forge/linux-64/python_abi-3.10-5_cp310.conda
  build_number: 5
  sha256: 074d2f0b31f0333b7e553042b17ea54714b74263f8adda9a68a4bd8c7e219971
  md5: 2921c34715e74b3587b4cff4d36844f9
  constrains:
  - python 3.10.* *_cpython
  license: BSD-3-Clause
  license_family: BSD
  purls: []
  size: 6227
  timestamp: 1723823165457
- conda: https://conda.anaconda.org/conda-forge/linux-64/readline-8.2-h8228510_1.conda
  sha256: 5435cf39d039387fbdc977b0a762357ea909a7694d9528ab40f005e9208744d7
  md5: 47d31b792659ce70f470b5c82fdfb7a4
  depends:
  - libgcc-ng >=12
  - ncurses >=6.3,<7.0a0
  license: GPL-3.0-only
  license_family: GPL
  purls: []
  size: 281456
  timestamp: 1679532220005
- pypi: https://files.pythonhosted.org/packages/f9/9b/335f9764261e915ed497fcdeb11df5dfd6f7bf257d4a6a2a686d80da4d54/requests-2.32.3-py3-none-any.whl
  name: requests
  version: 2.32.3
  sha256: 70761cfe03c773ceb22aa2f671b4757976145175cdfca038c02654d061d6dcc6
  requires_dist:
  - charset-normalizer>=2,<4
  - idna>=2.5,<4
  - urllib3>=1.21.1,<3
  - certifi>=2017.4.17
  - pysocks>=1.5.6,!=1.5.7 ; extra == 'socks'
  - chardet>=3.0.2,<6 ; extra == 'use-chardet-on-py3'
  requires_python: '>=3.8'
- pypi: https://files.pythonhosted.org/packages/55/21/47d163f615df1d30c094f6c8bbb353619274edccf0327b185cc2493c2c33/setuptools-75.6.0-py3-none-any.whl
  name: setuptools
  version: 75.6.0
  sha256: ce74b49e8f7110f9bf04883b730f4765b774ef3ef28f722cce7c273d253aaf7d
  requires_dist:
  - pytest>=6,!=8.1.* ; extra == 'test'
  - virtualenv>=13.0.0 ; extra == 'test'
  - wheel>=0.44.0 ; extra == 'test'
  - pip>=19.1 ; extra == 'test'
  - packaging>=24.2 ; extra == 'test'
  - jaraco-envs>=2.2 ; extra == 'test'
  - pytest-xdist>=3 ; extra == 'test'
  - jaraco-path>=3.2.0 ; extra == 'test'
  - build[virtualenv]>=1.0.3 ; extra == 'test'
  - filelock>=3.4.0 ; extra == 'test'
  - ini2toml[lite]>=0.14 ; extra == 'test'
  - tomli-w>=1.0.0 ; extra == 'test'
  - pytest-timeout ; extra == 'test'
  - pytest-perf ; sys_platform != 'cygwin' and extra == 'test'
  - jaraco-develop>=7.21 ; python_full_version >= '3.9' and sys_platform != 'cygwin' and extra == 'test'
  - pytest-home>=0.5 ; extra == 'test'
  - pytest-subprocess ; extra == 'test'
  - pyproject-hooks!=1.1 ; extra == 'test'
  - jaraco-test>=5.5 ; extra == 'test'
  - sphinx>=3.5 ; extra == 'doc'
  - jaraco-packaging>=9.3 ; extra == 'doc'
  - rst-linker>=1.9 ; extra == 'doc'
  - furo ; extra == 'doc'
  - sphinx-lint ; extra == 'doc'
  - jaraco-tidelift>=1.4 ; extra == 'doc'
  - pygments-github-lexers==0.0.5 ; extra == 'doc'
  - sphinx-favicon ; extra == 'doc'
  - sphinx-inline-tabs ; extra == 'doc'
  - sphinx-reredirects ; extra == 'doc'
  - sphinxcontrib-towncrier ; extra == 'doc'
  - sphinx-notfound-page>=1,<2 ; extra == 'doc'
  - pyproject-hooks!=1.1 ; extra == 'doc'
  - towncrier<24.7 ; extra == 'doc'
  - packaging>=24.2 ; extra == 'core'
  - more-itertools>=8.8 ; extra == 'core'
  - jaraco-text>=3.7 ; extra == 'core'
  - importlib-metadata>=6 ; python_full_version < '3.10' and extra == 'core'
  - tomli>=2.0.1 ; python_full_version < '3.11' and extra == 'core'
  - wheel>=0.43.0 ; extra == 'core'
  - platformdirs>=4.2.2 ; extra == 'core'
  - jaraco-collections ; extra == 'core'
  - jaraco-functools>=4 ; extra == 'core'
  - packaging ; extra == 'core'
  - more-itertools ; extra == 'core'
  - pytest-checkdocs>=2.4 ; extra == 'check'
  - pytest-ruff>=0.2.1 ; sys_platform != 'cygwin' and extra == 'check'
  - ruff>=0.7.0 ; sys_platform != 'cygwin' and extra == 'check'
  - pytest-cov ; extra == 'cover'
  - pytest-enabler>=2.2 ; extra == 'enabler'
  - pytest-mypy ; extra == 'type'
  - mypy>=1.12,<1.14 ; extra == 'type'
  - importlib-metadata>=7.0.2 ; python_full_version < '3.10' and extra == 'type'
  - jaraco-develop>=7.21 ; sys_platform != 'cygwin' and extra == 'type'
  requires_python: '>=3.9'
- conda: https://conda.anaconda.org/conda-forge/linux-64/sqlite-3.47.2-h9eae976_0.conda
  sha256: 8bda8238ee98e318aad2c54ab3c85c533c830ecba72486c616b7c8546b9b51f7
  md5: 64a954de15d114281535a26fd4d1f294
  depends:
  - __glibc >=2.17,<3.0.a0
  - libgcc >=13
  - libsqlite 3.47.2 hee588c1_0
  - libzlib >=1.3.1,<2.0a0
  - ncurses >=6.5,<7.0a0
  - readline >=8.2,<9.0a0
  license: Unlicense
  purls: []
  size: 884362
  timestamp: 1733761834904
- pypi: https://files.pythonhosted.org/packages/99/ff/c87e0622b1dadea79d2fb0b25ade9ed98954c9033722eb707053d310d4f3/sympy-1.13.3-py3-none-any.whl
  name: sympy
  version: 1.13.3
  sha256: 54612cf55a62755ee71824ce692986f23c88ffa77207b30c1368eda4a7060f73
  requires_dist:
  - mpmath>=1.1.0,<1.4
  - pytest>=7.1.0 ; extra == 'dev'
  - hypothesis>=6.70.0 ; extra == 'dev'
  requires_python: '>=3.8'
- conda: https://conda.anaconda.org/conda-forge/linux-64/tk-8.6.13-noxft_h4845f30_101.conda
  sha256: e0569c9caa68bf476bead1bed3d79650bb080b532c64a4af7d8ca286c08dea4e
  md5: d453b98d9c83e71da0741bb0ff4d76bc
  depends:
  - libgcc-ng >=12
  - libzlib >=1.2.13,<2.0.0a0
  license: TCL
  license_family: BSD
  purls: []
  size: 3318875
  timestamp: 1699202167581
- pypi: https://files.pythonhosted.org/packages/b6/b1/f562cb533751c272d23f605858cd17d6a6c50fa8cd3c1f99539e2acd359f/torch-2.0.0-cp310-cp310-manylinux1_x86_64.whl
  name: torch
  version: 2.0.0
  sha256: 7a9319a67294ef02459a19738bbfa8727bb5307b822dadd708bc2ccf6c901aca
  requires_dist:
  - filelock
  - typing-extensions
  - sympy
  - networkx
  - jinja2
  - nvidia-cuda-nvrtc-cu11==11.7.99 ; platform_machine == 'x86_64' and platform_system == 'Linux'
  - nvidia-cuda-runtime-cu11==11.7.99 ; platform_machine == 'x86_64' and platform_system == 'Linux'
  - nvidia-cuda-cupti-cu11==11.7.101 ; platform_machine == 'x86_64' and platform_system == 'Linux'
  - nvidia-cudnn-cu11==8.5.0.96 ; platform_machine == 'x86_64' and platform_system == 'Linux'
  - nvidia-cublas-cu11==11.10.3.66 ; platform_machine == 'x86_64' and platform_system == 'Linux'
  - nvidia-cufft-cu11==10.9.0.58 ; platform_machine == 'x86_64' and platform_system == 'Linux'
  - nvidia-curand-cu11==10.2.10.91 ; platform_machine == 'x86_64' and platform_system == 'Linux'
  - nvidia-cusolver-cu11==11.4.0.1 ; platform_machine == 'x86_64' and platform_system == 'Linux'
  - nvidia-cusparse-cu11==11.7.4.91 ; platform_machine == 'x86_64' and platform_system == 'Linux'
  - nvidia-nccl-cu11==2.14.3 ; platform_machine == 'x86_64' and platform_system == 'Linux'
  - nvidia-nvtx-cu11==11.7.91 ; platform_machine == 'x86_64' and platform_system == 'Linux'
  - triton==2.0.0 ; platform_machine == 'x86_64' and platform_system == 'Linux'
  - opt-einsum>=3.3 ; extra == 'opt-einsum'
  requires_python: '>=3.8.0'
- pypi: https://files.pythonhosted.org/packages/21/35/8880a198c46e7aa8c9a83a5059ad595d472e10998989176395d98cce88e7/torchaudio-2.0.1-cp310-cp310-manylinux1_x86_64.whl
  name: torchaudio
  version: 2.0.1
  sha256: 5fdaba10ff06d098d603d9eb8d2ff541c3f3fe28ba178a78787190cec0d5187f
  requires_dist:
  - torch==2.0.0
- pypi: https://files.pythonhosted.org/packages/34/8d/43f36b6ff585de3ebd5df10ef07c4377b2cce9155f9810c7382427c1430e/torchvision-0.15.1-cp310-cp310-manylinux1_x86_64.whl
  name: torchvision
  version: 0.15.1
  sha256: d4de10c837f1493c1c54344388e300a06c96914c6cc55fcb2527c21f2f010bbd
  requires_dist:
  - numpy
  - requests
  - torch==2.0.0
  - pillow>=5.3.0,!=8.3.*
  - scipy ; extra == 'scipy'
  requires_python: '>=3.8'
- pypi: https://files.pythonhosted.org/packages/ca/31/ff6be541195daf77aa5c72303b2354661a69e717967d44d91eb4f3fdce32/triton-2.0.0-1-cp310-cp310-manylinux2014_x86_64.manylinux_2_17_x86_64.whl
  name: triton
  version: 2.0.0
  sha256: 38806ee9663f4b0f7cd64790e96c579374089e58f49aac4a6608121aa55e2505
  requires_dist:
  - cmake
  - filelock
  - torch
  - lit
  - autopep8 ; extra == 'tests'
  - flake8 ; extra == 'tests'
  - isort ; extra == 'tests'
  - numpy ; extra == 'tests'
  - pytest ; extra == 'tests'
  - scipy>=1.7.1 ; extra == 'tests'
  - matplotlib ; extra == 'tutorials'
  - pandas ; extra == 'tutorials'
  - tabulate ; extra == 'tutorials'
- pypi: https://files.pythonhosted.org/packages/26/9f/ad63fc0248c5379346306f8668cda6e2e2e9c95e01216d2b8ffd9ff037d0/typing_extensions-4.12.2-py3-none-any.whl
  name: typing-extensions
  version: 4.12.2
  sha256: 04e5ca0351e0f3f85c6853954072df659d0d13fac324d0072316b67d7794700d
  requires_python: '>=3.8'
- conda: https://conda.anaconda.org/conda-forge/noarch/tzdata-2024b-hc8b5060_0.conda
  sha256: 4fde5c3008bf5d2db82f2b50204464314cc3c91c1d953652f7bd01d9e52aefdf
  md5: 8ac3367aafb1cc0a068483c580af8015
  license: LicenseRef-Public-Domain
  purls: []
  size: 122354
  timestamp: 1728047496079
- pypi: https://files.pythonhosted.org/packages/ce/d9/5f4c13cecde62396b0d3fe530a50ccea91e7dfc1ccf0e09c228841bb5ba8/urllib3-2.2.3-py3-none-any.whl
  name: urllib3
  version: 2.2.3
  sha256: ca899ca043dcb1bafa3e262d73aa25c465bfb49e0bd9dd5d59f1d0acba2f8fac
  requires_dist:
  - brotli>=1.0.9 ; platform_python_implementation == 'CPython' and extra == 'brotli'
  - brotlicffi>=0.8.0 ; platform_python_implementation != 'CPython' and extra == 'brotli'
  - h2>=4,<5 ; extra == 'h2'
  - pysocks>=1.5.6,!=1.5.7,<2.0 ; extra == 'socks'
  - zstandard>=0.18.0 ; extra == 'zstd'
  requires_python: '>=3.8'
- pypi: https://files.pythonhosted.org/packages/0b/2c/87f3254fd8ffd29e4c02732eee68a83a1d3c346ae39bc6822dcbcb697f2b/wheel-0.45.1-py3-none-any.whl
  name: wheel
  version: 0.45.1
  sha256: 708e7481cc80179af0e556bbf0cc00b8444c7321e2700b8d8580231d13017248
  requires_dist:
  - pytest>=6.0.0 ; extra == 'test'
  - setuptools>=65 ; extra == 'test'
  requires_python: '>=3.8'
- conda: https://conda.anaconda.org/conda-forge/linux-64/xz-5.6.3-hbcc6ac9_1.conda
  sha256: 9cef529dcff25222427c9d90b9fc376888a59e138794b4336bbcd3331a5eea22
  md5: 62aae173382a8aae284726353c6a6a24
  depends:
  - __glibc >=2.17,<3.0.a0
  - libgcc >=13
  - liblzma 5.6.3 hb9d3cd8_1
  - liblzma-devel 5.6.3 hb9d3cd8_1
  - xz-gpl-tools 5.6.3 hbcc6ac9_1
  - xz-tools 5.6.3 hb9d3cd8_1
  license: 0BSD AND LGPL-2.1-or-later AND GPL-2.0-or-later
  purls: []
  size: 23477
  timestamp: 1733407455801
- conda: https://conda.anaconda.org/conda-forge/linux-64/xz-gpl-tools-5.6.3-hbcc6ac9_1.conda
  sha256: 4e104b7c75c2f26a96032a1c6cda51430da1dea318c74f9e3568902b2f5030e1
  md5: f529917bab7862aaad6867bf2ea47a99
  depends:
  - __glibc >=2.17,<3.0.a0
  - libgcc >=13
  - liblzma 5.6.3 hb9d3cd8_1
  license: 0BSD AND LGPL-2.1-or-later AND GPL-2.0-or-later
  purls: []
  size: 33354
  timestamp: 1733407444641
- conda: https://conda.anaconda.org/conda-forge/linux-64/xz-tools-5.6.3-hb9d3cd8_1.conda
  sha256: 6e80f838096345c35e8755b827814c083dd0274594006d6f76bff71bc969c3b8
  md5: de3f31a6eed01bc2b8c7dcad07ad9034
  depends:
  - __glibc >=2.17,<3.0.a0
  - libgcc >=13
  - liblzma 5.6.3 hb9d3cd8_1
  license: 0BSD AND LGPL-2.1-or-later
  purls: []
  size: 90354
  timestamp: 1733407433418
